
Microsoft Visual Studio Solution File, Format Version 12.00
# Visual Studio Version 16
VisualStudioVersion = 16.0.32802.440
MinimumVisualStudioVersion = 10.0.40219.1
Project("{F184B08F-C81C-45F6-A57F-5ABD9991F28F}") = "AfCommon", "Libraries\AfCommon\AfCommon.vbproj", "{CA4BFCD0-3852-4188-B60B-2CBADA87BB19}"
EndProject
Project("{2150E333-8FDC-42A3-9474-1A3956D46DE8}") = "Libraries", "Libraries", "{CA12C9AB-0BDE-4706-8361-2E5120A7DF75}"
EndProject
Project("{F184B08F-C81C-45F6-A57F-5ABD9991F28F}") = "CTLDB", "Libraries\CTLDB\CTLDB.vbproj", "{52E3ED4E-A8EB-453F-BF18-BBEFF864DEED}"
EndProject
Project("{F184B08F-C81C-45F6-A57F-5ABD9991F28F}") = "PdfLibrary", "Libraries\PdfLibrary\PdfLibrary.vbproj", "{698EAD92-5DDB-43F8-BA2F-614A0E8F5F3C}"
EndProject
Project("{F184B08F-C81C-45F6-A57F-5ABD9991F28F}") = "ServiceQueueLibrary", "Libraries\ServiceQueueLibrary\ServiceQueueLibrary.vbproj", "{C8EFB687-B525-4414-8892-26E80ED84AEA}"
EndProject
Project("{F184B08F-C81C-45F6-A57F-5ABD9991F28F}") = "StorageManager", "Libraries\StorageManager\StorageManager.vbproj", "{40237A5A-36DF-484D-BB14-F99F0541CBA0}"
EndProject
Project("{2150E333-8FDC-42A3-9474-1A3956D46DE8}") = "Applications", "Applications", "{B04F933D-FB09-4E74-9D7F-793F8B137D4A}"
EndProject
Project("{F184B08F-C81C-45F6-A57F-5ABD9991F28F}") = "AF_ServiceFileManager", "Applications\AfService\AF_ServiceFileManager.vbproj", "{A5368B62-1E83-4ABD-8650-540248775BC5}"
EndProject
Project("{2150E333-8FDC-42A3-9474-1A3956D46DE8}") = "Webs", "Webs", "{8E59C182-EDB5-4AF6-B482-4793DADED486}"
EndProject
Project("{F184B08F-C81C-45F6-A57F-5ABD9991F28F}") = "AfServiceLibrary", "Libraries\AfServiceLibrary\AfServiceLibrary.vbproj", "{865D65BB-934D-47A2-8F10-7F06BF425554}"
EndProject
Project("{F184B08F-C81C-45F6-A57F-5ABD9991F28F}") = "AF_WebFileManager", "Webs\AfWebService\AF_WebFileManager.vbproj", "{36D4EF44-35B6-4489-B345-04D45D699535}"
EndProject
Project("{F184B08F-C81C-45F6-A57F-5ABD9991F28F}") = "AfServiceStarter", "Applications\AfServiceStarter\AfServiceStarter.vbproj", "{AFEDD003-6E9B-4118-9B2B-B3C806A18EB6}"
EndProject
Project("{F184B08F-C81C-45F6-A57F-5ABD9991F28F}") = "CTLHTML", "Libraries\CTLHTML\CTLHTML.vbproj", "{DA864973-A17C-44EA-8CB3-F80B6A232843}"
EndProject
Project("{F184B08F-C81C-45F6-A57F-5ABD9991F28F}") = "CTLATTACHS", "Libraries\CTLATTACHS\CTLATTACHS.vbproj", "{E61F916A-64E6-440A-8020-48CDD2BCBDB8}"
EndProject
Project("{F184B08F-C81C-45F6-A57F-5ABD9991F28F}") = "AfInstaller", "Applications\AfInstaller\AfInstaller.vbproj", "{5378EC8C-6210-4EC5-B1CB-B560E884EE70}"
EndProject
Project("{F184B08F-C81C-45F6-A57F-5ABD9991F28F}") = "MediaLibrary", "Libraries\MediaLibrary\MediaLibrary.vbproj", "{F8314B9A-967B-4176-A9C0-2D9286E08DE2}"
EndProject
Global
	GlobalSection(SolutionConfigurationPlatforms) = preSolution
		Debug|Any CPU = Debug|Any CPU
		Release|Any CPU = Release|Any CPU
	EndGlobalSection
	GlobalSection(ProjectConfigurationPlatforms) = postSolution
		{CA4BFCD0-3852-4188-B60B-2CBADA87BB19}.Debug|Any CPU.ActiveCfg = Debug|Any CPU
		{CA4BFCD0-3852-4188-B60B-2CBADA87BB19}.Debug|Any CPU.Build.0 = Debug|Any CPU
		{CA4BFCD0-3852-4188-B60B-2CBADA87BB19}.Release|Any CPU.ActiveCfg = Release|Any CPU
		{CA4BFCD0-3852-4188-B60B-2CBADA87BB19}.Release|Any CPU.Build.0 = Release|Any CPU
		{52E3ED4E-A8EB-453F-BF18-BBEFF864DEED}.Debug|Any CPU.ActiveCfg = Debug|Any CPU
		{52E3ED4E-A8EB-453F-BF18-BBEFF864DEED}.Debug|Any CPU.Build.0 = Debug|Any CPU
		{52E3ED4E-A8EB-453F-BF18-BBEFF864DEED}.Release|Any CPU.ActiveCfg = Release|Any CPU
		{52E3ED4E-A8EB-453F-BF18-BBEFF864DEED}.Release|Any CPU.Build.0 = Release|Any CPU
		{698EAD92-5DDB-43F8-BA2F-614A0E8F5F3C}.Debug|Any CPU.ActiveCfg = Debug|Any CPU
		{698EAD92-5DDB-43F8-BA2F-614A0E8F5F3C}.Debug|Any CPU.Build.0 = Debug|Any CPU
		{698EAD92-5DDB-43F8-BA2F-614A0E8F5F3C}.Release|Any CPU.ActiveCfg = Release|Any CPU
		{698EAD92-5DDB-43F8-BA2F-614A0E8F5F3C}.Release|Any CPU.Build.0 = Release|Any CPU
		{C8EFB687-B525-4414-8892-26E80ED84AEA}.Debug|Any CPU.ActiveCfg = Debug|Any CPU
		{C8EFB687-B525-4414-8892-26E80ED84AEA}.Debug|Any CPU.Build.0 = Debug|Any CPU
		{C8EFB687-B525-4414-8892-26E80ED84AEA}.Release|Any CPU.ActiveCfg = Release|Any CPU
		{C8EFB687-B525-4414-8892-26E80ED84AEA}.Release|Any CPU.Build.0 = Release|Any CPU
		{40237A5A-36DF-484D-BB14-F99F0541CBA0}.Debug|Any CPU.ActiveCfg = Debug|Any CPU
		{40237A5A-36DF-484D-BB14-F99F0541CBA0}.Debug|Any CPU.Build.0 = Debug|Any CPU
		{40237A5A-36DF-484D-BB14-F99F0541CBA0}.Release|Any CPU.ActiveCfg = Release|Any CPU
		{40237A5A-36DF-484D-BB14-F99F0541CBA0}.Release|Any CPU.Build.0 = Release|Any CPU
		{A5368B62-1E83-4ABD-8650-540248775BC5}.Debug|Any CPU.ActiveCfg = Debug|Any CPU
		{A5368B62-1E83-4ABD-8650-540248775BC5}.Debug|Any CPU.Build.0 = Debug|Any CPU
		{A5368B62-1E83-4ABD-8650-540248775BC5}.Release|Any CPU.ActiveCfg = Release|Any CPU
		{A5368B62-1E83-4ABD-8650-540248775BC5}.Release|Any CPU.Build.0 = Release|Any CPU
		{865D65BB-934D-47A2-8F10-7F06BF425554}.Debug|Any CPU.ActiveCfg = Debug|Any CPU
		{865D65BB-934D-47A2-8F10-7F06BF425554}.Debug|Any CPU.Build.0 = Debug|Any CPU
		{865D65BB-934D-47A2-8F10-7F06BF425554}.Release|Any CPU.ActiveCfg = Release|Any CPU
		{865D65BB-934D-47A2-8F10-7F06BF425554}.Release|Any CPU.Build.0 = Release|Any CPU
		{36D4EF44-35B6-4489-B345-04D45D699535}.Debug|Any CPU.ActiveCfg = Debug|Any CPU
		{36D4EF44-35B6-4489-B345-04D45D699535}.Debug|Any CPU.Build.0 = Debug|Any CPU
		{36D4EF44-35B6-4489-B345-04D45D699535}.Release|Any CPU.ActiveCfg = Release|Any CPU
		{36D4EF44-35B6-4489-B345-04D45D699535}.Release|Any CPU.Build.0 = Release|Any CPU
		{AFEDD003-6E9B-4118-9B2B-B3C806A18EB6}.Debug|Any CPU.ActiveCfg = Debug|Any CPU
		{AFEDD003-6E9B-4118-9B2B-B3C806A18EB6}.Debug|Any CPU.Build.0 = Debug|Any CPU
		{AFEDD003-6E9B-4118-9B2B-B3C806A18EB6}.Release|Any CPU.ActiveCfg = Release|Any CPU
		{AFEDD003-6E9B-4118-9B2B-B3C806A18EB6}.Release|Any CPU.Build.0 = Release|Any CPU
		{DA864973-A17C-44EA-8CB3-F80B6A232843}.Debug|Any CPU.ActiveCfg = Debug|Any CPU
		{DA864973-A17C-44EA-8CB3-F80B6A232843}.Debug|Any CPU.Build.0 = Debug|Any CPU
		{DA864973-A17C-44EA-8CB3-F80B6A232843}.Release|Any CPU.ActiveCfg = Release|Any CPU
		{DA864973-A17C-44EA-8CB3-F80B6A232843}.Release|Any CPU.Build.0 = Release|Any CPU
		{E61F916A-64E6-440A-8020-48CDD2BCBDB8}.Debug|Any CPU.ActiveCfg = Debug|Any CPU
		{E61F916A-64E6-440A-8020-48CDD2BCBDB8}.Debug|Any CPU.Build.0 = Debug|Any CPU
		{E61F916A-64E6-440A-8020-48CDD2BCBDB8}.Release|Any CPU.ActiveCfg = Release|Any CPU
		{E61F916A-64E6-440A-8020-48CDD2BCBDB8}.Release|Any CPU.Build.0 = Release|Any CPU
		{5378EC8C-6210-4EC5-B1CB-B560E884EE70}.Debug|Any CPU.ActiveCfg = Debug|Any CPU
		{5378EC8C-6210-4EC5-B1CB-B560E884EE70}.Debug|Any CPU.Build.0 = Debug|Any CPU
		{5378EC8C-6210-4EC5-B1CB-B560E884EE70}.Release|Any CPU.ActiveCfg = Release|Any CPU
		{5378EC8C-6210-4EC5-B1CB-B560E884EE70}.Release|Any CPU.Build.0 = Release|Any CPU
		{F8314B9A-967B-4176-A9C0-2D9286E08DE2}.Debug|Any CPU.ActiveCfg = Debug|Any CPU
		{F8314B9A-967B-4176-A9C0-2D9286E08DE2}.Debug|Any CPU.Build.0 = Debug|Any CPU
		{F8314B9A-967B-4176-A9C0-2D9286E08DE2}.Release|Any CPU.ActiveCfg = Release|Any CPU
		{F8314B9A-967B-4176-A9C0-2D9286E08DE2}.Release|Any CPU.Build.0 = Release|Any CPU
	EndGlobalSection
	GlobalSection(SolutionProperties) = preSolution
		HideSolutionNode = FALSE
	EndGlobalSection
	GlobalSection(NestedProjects) = preSolution
		{CA4BFCD0-3852-4188-B60B-2CBADA87BB19} = {CA12C9AB-0BDE-4706-8361-2E5120A7DF75}
		{52E3ED4E-A8EB-453F-BF18-BBEFF864DEED} = {CA12C9AB-0BDE-4706-8361-2E5120A7DF75}
		{698EAD92-5DDB-43F8-BA2F-614A0E8F5F3C} = {CA12C9AB-0BDE-4706-8361-2E5120A7DF75}
		{C8EFB687-B525-4414-8892-26E80ED84AEA} = {CA12C9AB-0BDE-4706-8361-2E5120A7DF75}
		{40237A5A-36DF-484D-BB14-F99F0541CBA0} = {CA12C9AB-0BDE-4706-8361-2E5120A7DF75}
		{A5368B62-1E83-4ABD-8650-540248775BC5} = {B04F933D-FB09-4E74-9D7F-793F8B137D4A}
		{865D65BB-934D-47A2-8F10-7F06BF425554} = {CA12C9AB-0BDE-4706-8361-2E5120A7DF75}
		{36D4EF44-35B6-4489-B345-04D45D699535} = {8E59C182-EDB5-4AF6-B482-4793DADED486}
		{AFEDD003-6E9B-4118-9B2B-B3C806A18EB6} = {B04F933D-FB09-4E74-9D7F-793F8B137D4A}
		{DA864973-A17C-44EA-8CB3-F80B6A232843} = {CA12C9AB-0BDE-4706-8361-2E5120A7DF75}
		{E61F916A-64E6-440A-8020-48CDD2BCBDB8} = {CA12C9AB-0BDE-4706-8361-2E5120A7DF75}
		{5378EC8C-6210-4EC5-B1CB-B560E884EE70} = {B04F933D-FB09-4E74-9D7F-793F8B137D4A}
		{F8314B9A-967B-4176-A9C0-2D9286E08DE2} = {CA12C9AB-0BDE-4706-8361-2E5120A7DF75}
	EndGlobalSection
	GlobalSection(ExtensibilityGlobals) = postSolution
		SolutionGuid = {271A6ED9-9FBD-415A-99F6-8A9AFDB7362D}
	EndGlobalSection
	
EndGlobal
