
Microsoft Visual Studio Solution File, Format Version 12.00
# Visual Studio Version 17
VisualStudioVersion = 17.1.32328.378
MinimumVisualStudioVersion = 10.0.40219.1
Project("{FAE04EC0-301F-11D3-BF4B-00C04F79EFBC}") = "ProtocolloPiTre", "ProtocolloPiTre.csproj", "{2644FC33-682A-4B58-BBE4-D26287EAE637}"
EndProject
Global
	GlobalSection(SolutionConfigurationPlatforms) = preSolution
		Debug|Any CPU = Debug|Any CPU
		Release|Any CPU = Release|Any CPU
	EndGlobalSection
	GlobalSection(ProjectConfigurationPlatforms) = postSolution
		{2644FC33-682A-4B58-BBE4-D26287EAE637}.Debug|Any CPU.ActiveCfg = Debug|Any CPU
		{2644FC33-682A-4B58-BBE4-D26287EAE637}.Debug|Any CPU.Build.0 = Debug|Any CPU
		{2644FC33-682A-4B58-BBE4-D26287EAE637}.Release|Any CPU.ActiveCfg = Release|Any CPU
		{2644FC33-682A-4B58-BBE4-D26287EAE637}.Release|Any CPU.Build.0 = Release|Any CPU
	EndGlobalSection
	GlobalSection(SolutionProperties) = preSolution
		HideSolutionNode = FALSE
	EndGlobalSection
	GlobalSection(ExtensibilityGlobals) = postSolution
		SolutionGuid = {D2FB8A1B-01D1-4AF4-9C72-4565164DFC02}
	EndGlobalSection
EndGlobal
