
Microsoft Visual Studio Solution File, Format Version 12.00
# Visual Studio Version 17
VisualStudioVersion = 17.5.002.0
MinimumVisualStudioVersion = 10.0.40219.1
Project("{9A19103F-16F7-4668-BE54-9A1E7A4F7556}") = "INIPEC", "INIPEC.csproj", "{0D3FCC19-7C0A-491B-9AF2-BCDAF023E2B6}"
EndProject
Global
	GlobalSection(SolutionConfigurationPlatforms) = preSolution
		Debug|Any CPU = Debug|Any CPU
		Release|Any CPU = Release|Any CPU
	EndGlobalSection
	GlobalSection(ProjectConfigurationPlatforms) = postSolution
		{0D3FCC19-7C0A-491B-9AF2-BCDAF023E2B6}.Debug|Any CPU.ActiveCfg = Debug|Any CPU
		{0D3FCC19-7C0A-491B-9AF2-BCDAF023E2B6}.Debug|Any CPU.Build.0 = Debug|Any CPU
		{0D3FCC19-7C0A-491B-9AF2-BCDAF023E2B6}.Release|Any CPU.ActiveCfg = Release|Any CPU
		{0D3FCC19-7C0A-491B-9AF2-BCDAF023E2B6}.Release|Any CPU.Build.0 = Release|Any CPU
	EndGlobalSection
	GlobalSection(SolutionProperties) = preSolution
		HideSolutionNode = FALSE
	EndGlobalSection
	GlobalSection(ExtensibilityGlobals) = postSolution
		SolutionGuid = {AD2B11BA-A306-42E4-A92A-5685C7F304C0}
	EndGlobalSection
EndGlobal
