
Microsoft Visual Studio Solution File, Format Version 12.00
# Visual Studio Version 16
VisualStudioVersion = 16.0.31911.196
MinimumVisualStudioVersion = 10.0.40219.1
Project("{2150E333-8FDC-42A3-9474-1A3956D46DE8}") = "CommonCore", "CommonCore", "{394E5B97-86E9-44DE-9279-021CA00F65A2}"
EndProject
Project("{2150E333-8FDC-42A3-9474-1A3956D46DE8}") = "EprocNext", "EprocNext", "{CB0CC38E-7206-4BFA-A7E5-85610D88853D}"
EndProject
Project("{9A19103F-16F7-4668-BE54-9A1E7A4F7556}") = "Core.DistribuitedCache", "..\Core\CommonCore\Core.DistribuitedCache\Core.DistribuitedCache.csproj", "{270725EC-F18E-4E94-B8A4-C121B53F300B}"
EndProject
Project("{9A19103F-16F7-4668-BE54-9A1E7A4F7556}") = "Core.Repositories", "..\Core\CommonCore\Core.Repositories\Core.Repositories.csproj", "{F93A20C2-B53A-434D-9756-A35BF1A8292E}"
EndProject
Project("{9A19103F-16F7-4668-BE54-9A1E7A4F7556}") = "Core.Repositories.Abstractions", "..\Core\CommonCore\Core.Repositories.Interfaces\Core.Repositories.Abstractions.csproj", "{568584F1-CD0A-4E8F-8C1E-C917EEECB469}"
EndProject
Project("{9A19103F-16F7-4668-BE54-9A1E7A4F7556}") = "EprocNext.Repositories", "..\Core\EprocNext\EprocNext.Repositories\EprocNext.Repositories.csproj", "{54FD86BC-BD9B-4BD8-975C-744A68C77A09}"
EndProject
Project("{9A19103F-16F7-4668-BE54-9A1E7A4F7556}") = "Eprocurement.Controllers.Base", "Eprocurement.Controllers.Base\Eprocurement.Controllers.Base.csproj", "{D1446C47-FE4B-4639-AA04-857A24C3D4D5}"
EndProject
Project("{2150E333-8FDC-42A3-9474-1A3956D46DE8}") = "Core", "Core", "{C5BD032D-598D-4ACC-9AFE-2E64132196A2}"
EndProject
Project("{2150E333-8FDC-42A3-9474-1A3956D46DE8}") = "WebApi", "WebApi", "{6A92365F-D617-4438-8203-912B8A55823F}"
EndProject
Project("{9A19103F-16F7-4668-BE54-9A1E7A4F7556}") = "Eprocurement.WebApi", "Eprocurement.WebApi\Eprocurement.WebApi.csproj", "{8DD0DEBA-D197-4B77-88BE-CD53A1A18598}"
EndProject
Project("{9A19103F-16F7-4668-BE54-9A1E7A4F7556}") = "EprocNext.Authentication", "..\Core\EprocNext\EprocNext.Authentication\EprocNext.Authentication.csproj", "{B78001C0-E107-47F0-889A-B4F75C1EF5FB}"
EndProject
Project("{9A19103F-16F7-4668-BE54-9A1E7A4F7556}") = "EprocNext.DTO", "..\Core\EprocNext\EprocNext.DTO\EprocNext.DTO.csproj", "{DF25F9AB-8051-4B3E-BB20-3BD35711B4DE}"
EndProject
Project("{9A19103F-16F7-4668-BE54-9A1E7A4F7556}") = "Core.Cryptography", "..\Core\CommonCore\Core.Cryptography\Core.Cryptography.csproj", "{F413E975-DDAA-4659-8ED4-AE99BEE6C96B}"
EndProject
Project("{9A19103F-16F7-4668-BE54-9A1E7A4F7556}") = "Core.DTO", "..\Core\CommonCore\Core.DTO\Core.DTO.csproj", "{B4E9F5A8-3D6A-4401-90F8-8051E7E399F9}"
EndProject
Project("{9A19103F-16F7-4668-BE54-9A1E7A4F7556}") = "Core.Common", "..\Core\CommonCore\Core.Common\Core.Common.csproj", "{909B6A93-A112-4690-809F-8AC2B1437419}"
EndProject
Project("{9A19103F-16F7-4668-BE54-9A1E7A4F7556}") = "Core.Repositories.NoSql", "..\Core\CommonCore\Core.Repositories.NoSql\Core.Repositories.NoSql.csproj", "{B98F8411-0733-4DA5-A772-B008AEB89DAA}"
EndProject
Project("{9A19103F-16F7-4668-BE54-9A1E7A4F7556}") = "Core.Logger", "..\Core\CommonCore\Core.Logger\Core.Logger.csproj", "{344D6743-2D36-47EE-AA3C-DE6E41C4C949}"
EndProject
Global
	GlobalSection(SolutionConfigurationPlatforms) = preSolution
		Debug|Any CPU = Debug|Any CPU
		Release|Any CPU = Release|Any CPU
	EndGlobalSection
	GlobalSection(ProjectConfigurationPlatforms) = postSolution
		{270725EC-F18E-4E94-B8A4-C121B53F300B}.Debug|Any CPU.ActiveCfg = Debug|Any CPU
		{270725EC-F18E-4E94-B8A4-C121B53F300B}.Debug|Any CPU.Build.0 = Debug|Any CPU
		{270725EC-F18E-4E94-B8A4-C121B53F300B}.Release|Any CPU.ActiveCfg = Release|Any CPU
		{270725EC-F18E-4E94-B8A4-C121B53F300B}.Release|Any CPU.Build.0 = Release|Any CPU
		{F93A20C2-B53A-434D-9756-A35BF1A8292E}.Debug|Any CPU.ActiveCfg = Debug|Any CPU
		{F93A20C2-B53A-434D-9756-A35BF1A8292E}.Debug|Any CPU.Build.0 = Debug|Any CPU
		{F93A20C2-B53A-434D-9756-A35BF1A8292E}.Release|Any CPU.ActiveCfg = Release|Any CPU
		{F93A20C2-B53A-434D-9756-A35BF1A8292E}.Release|Any CPU.Build.0 = Release|Any CPU
		{568584F1-CD0A-4E8F-8C1E-C917EEECB469}.Debug|Any CPU.ActiveCfg = Debug|Any CPU
		{568584F1-CD0A-4E8F-8C1E-C917EEECB469}.Debug|Any CPU.Build.0 = Debug|Any CPU
		{568584F1-CD0A-4E8F-8C1E-C917EEECB469}.Release|Any CPU.ActiveCfg = Release|Any CPU
		{568584F1-CD0A-4E8F-8C1E-C917EEECB469}.Release|Any CPU.Build.0 = Release|Any CPU
		{54FD86BC-BD9B-4BD8-975C-744A68C77A09}.Debug|Any CPU.ActiveCfg = Debug|Any CPU
		{54FD86BC-BD9B-4BD8-975C-744A68C77A09}.Debug|Any CPU.Build.0 = Debug|Any CPU
		{54FD86BC-BD9B-4BD8-975C-744A68C77A09}.Release|Any CPU.ActiveCfg = Release|Any CPU
		{54FD86BC-BD9B-4BD8-975C-744A68C77A09}.Release|Any CPU.Build.0 = Release|Any CPU
		{D1446C47-FE4B-4639-AA04-857A24C3D4D5}.Debug|Any CPU.ActiveCfg = Debug|Any CPU
		{D1446C47-FE4B-4639-AA04-857A24C3D4D5}.Debug|Any CPU.Build.0 = Debug|Any CPU
		{D1446C47-FE4B-4639-AA04-857A24C3D4D5}.Release|Any CPU.ActiveCfg = Release|Any CPU
		{D1446C47-FE4B-4639-AA04-857A24C3D4D5}.Release|Any CPU.Build.0 = Release|Any CPU
		{8DD0DEBA-D197-4B77-88BE-CD53A1A18598}.Debug|Any CPU.ActiveCfg = Debug|Any CPU
		{8DD0DEBA-D197-4B77-88BE-CD53A1A18598}.Debug|Any CPU.Build.0 = Debug|Any CPU
		{8DD0DEBA-D197-4B77-88BE-CD53A1A18598}.Release|Any CPU.ActiveCfg = Release|Any CPU
		{8DD0DEBA-D197-4B77-88BE-CD53A1A18598}.Release|Any CPU.Build.0 = Release|Any CPU
		{B78001C0-E107-47F0-889A-B4F75C1EF5FB}.Debug|Any CPU.ActiveCfg = Debug|Any CPU
		{B78001C0-E107-47F0-889A-B4F75C1EF5FB}.Debug|Any CPU.Build.0 = Debug|Any CPU
		{B78001C0-E107-47F0-889A-B4F75C1EF5FB}.Release|Any CPU.ActiveCfg = Release|Any CPU
		{B78001C0-E107-47F0-889A-B4F75C1EF5FB}.Release|Any CPU.Build.0 = Release|Any CPU
		{DF25F9AB-8051-4B3E-BB20-3BD35711B4DE}.Debug|Any CPU.ActiveCfg = Debug|Any CPU
		{DF25F9AB-8051-4B3E-BB20-3BD35711B4DE}.Debug|Any CPU.Build.0 = Debug|Any CPU
		{DF25F9AB-8051-4B3E-BB20-3BD35711B4DE}.Release|Any CPU.ActiveCfg = Release|Any CPU
		{DF25F9AB-8051-4B3E-BB20-3BD35711B4DE}.Release|Any CPU.Build.0 = Release|Any CPU
		{F413E975-DDAA-4659-8ED4-AE99BEE6C96B}.Debug|Any CPU.ActiveCfg = Debug|Any CPU
		{F413E975-DDAA-4659-8ED4-AE99BEE6C96B}.Debug|Any CPU.Build.0 = Debug|Any CPU
		{F413E975-DDAA-4659-8ED4-AE99BEE6C96B}.Release|Any CPU.ActiveCfg = Release|Any CPU
		{F413E975-DDAA-4659-8ED4-AE99BEE6C96B}.Release|Any CPU.Build.0 = Release|Any CPU
		{B4E9F5A8-3D6A-4401-90F8-8051E7E399F9}.Debug|Any CPU.ActiveCfg = Debug|Any CPU
		{B4E9F5A8-3D6A-4401-90F8-8051E7E399F9}.Debug|Any CPU.Build.0 = Debug|Any CPU
		{B4E9F5A8-3D6A-4401-90F8-8051E7E399F9}.Release|Any CPU.ActiveCfg = Release|Any CPU
		{B4E9F5A8-3D6A-4401-90F8-8051E7E399F9}.Release|Any CPU.Build.0 = Release|Any CPU
		{909B6A93-A112-4690-809F-8AC2B1437419}.Debug|Any CPU.ActiveCfg = Debug|Any CPU
		{909B6A93-A112-4690-809F-8AC2B1437419}.Debug|Any CPU.Build.0 = Debug|Any CPU
		{909B6A93-A112-4690-809F-8AC2B1437419}.Release|Any CPU.ActiveCfg = Release|Any CPU
		{909B6A93-A112-4690-809F-8AC2B1437419}.Release|Any CPU.Build.0 = Release|Any CPU
		{B98F8411-0733-4DA5-A772-B008AEB89DAA}.Debug|Any CPU.ActiveCfg = Debug|Any CPU
		{B98F8411-0733-4DA5-A772-B008AEB89DAA}.Debug|Any CPU.Build.0 = Debug|Any CPU
		{B98F8411-0733-4DA5-A772-B008AEB89DAA}.Release|Any CPU.ActiveCfg = Release|Any CPU
		{B98F8411-0733-4DA5-A772-B008AEB89DAA}.Release|Any CPU.Build.0 = Release|Any CPU
		{344D6743-2D36-47EE-AA3C-DE6E41C4C949}.Debug|Any CPU.ActiveCfg = Debug|Any CPU
		{344D6743-2D36-47EE-AA3C-DE6E41C4C949}.Debug|Any CPU.Build.0 = Debug|Any CPU
		{344D6743-2D36-47EE-AA3C-DE6E41C4C949}.Release|Any CPU.ActiveCfg = Release|Any CPU
		{344D6743-2D36-47EE-AA3C-DE6E41C4C949}.Release|Any CPU.Build.0 = Release|Any CPU
	EndGlobalSection
	GlobalSection(SolutionProperties) = preSolution
		HideSolutionNode = FALSE
	EndGlobalSection
	GlobalSection(NestedProjects) = preSolution
		{394E5B97-86E9-44DE-9279-021CA00F65A2} = {C5BD032D-598D-4ACC-9AFE-2E64132196A2}
		{CB0CC38E-7206-4BFA-A7E5-85610D88853D} = {C5BD032D-598D-4ACC-9AFE-2E64132196A2}
		{270725EC-F18E-4E94-B8A4-C121B53F300B} = {394E5B97-86E9-44DE-9279-021CA00F65A2}
		{F93A20C2-B53A-434D-9756-A35BF1A8292E} = {394E5B97-86E9-44DE-9279-021CA00F65A2}
		{568584F1-CD0A-4E8F-8C1E-C917EEECB469} = {394E5B97-86E9-44DE-9279-021CA00F65A2}
		{54FD86BC-BD9B-4BD8-975C-744A68C77A09} = {CB0CC38E-7206-4BFA-A7E5-85610D88853D}
		{D1446C47-FE4B-4639-AA04-857A24C3D4D5} = {6A92365F-D617-4438-8203-912B8A55823F}
		{8DD0DEBA-D197-4B77-88BE-CD53A1A18598} = {6A92365F-D617-4438-8203-912B8A55823F}
		{B78001C0-E107-47F0-889A-B4F75C1EF5FB} = {CB0CC38E-7206-4BFA-A7E5-85610D88853D}
		{DF25F9AB-8051-4B3E-BB20-3BD35711B4DE} = {CB0CC38E-7206-4BFA-A7E5-85610D88853D}
		{F413E975-DDAA-4659-8ED4-AE99BEE6C96B} = {394E5B97-86E9-44DE-9279-021CA00F65A2}
		{B4E9F5A8-3D6A-4401-90F8-8051E7E399F9} = {394E5B97-86E9-44DE-9279-021CA00F65A2}
		{909B6A93-A112-4690-809F-8AC2B1437419} = {394E5B97-86E9-44DE-9279-021CA00F65A2}
		{B98F8411-0733-4DA5-A772-B008AEB89DAA} = {394E5B97-86E9-44DE-9279-021CA00F65A2}
		{344D6743-2D36-47EE-AA3C-DE6E41C4C949} = {394E5B97-86E9-44DE-9279-021CA00F65A2}
	EndGlobalSection
	GlobalSection(ExtensibilityGlobals) = postSolution
		SolutionGuid = {DE3A6F94-0D4F-4844-8123-0104652E6986}
	EndGlobalSection
EndGlobal
